// !$*UTF8*$!
{
	archiveVersion = 1;
	classes = {
	};
	objectVersion = 56;
	objects = {

/* Begin PBXBuildFile section */
		3A78F86329C932FC00C02C43 /* AppDelegate.swift in Sources */ = {isa = PBXBuildFile; fileRef = 3A78F86229C932FC00C02C43 /* AppDelegate.swift */; };
		3A78F86529C932FC00C02C43 /* SceneDelegate.swift in Sources */ = {isa = PBXBuildFile; fileRef = 3A78F86429C932FC00C02C43 /* SceneDelegate.swift */; };
		3A78F86729C932FC00C02C43 /* ViewController.swift in Sources */ = {isa = PBXBuildFile; fileRef = 3A78F86629C932FC00C02C43 /* ViewController.swift */; };
		3A78F86A29C932FC00C02C43 /* Main.storyboard in Resources */ = {isa = PBXBuildFile; fileRef = 3A78F86829C932FC00C02C43 /* Main.storyboard */; };
		3A78F86C29C932FE00C02C43 /* Assets.xcassets in Resources */ = {isa = PBXBuildFile; fileRef = 3A78F86B29C932FE00C02C43 /* Assets.xcassets */; };
		3A78F86F29C932FE00C02C43 /* LaunchScreen.storyboard in Resources */ = {isa = PBXBuildFile; fileRef = 3A78F86D29C932FE00C02C43 /* LaunchScreen.storyboard */; };
		3A78F87729C9371800C02C43 /* TableViewPizzaViewController.swift in Sources */ = {isa = PBXBuildFile; fileRef = 3A78F87629C9371800C02C43 /* TableViewPizzaViewController.swift */; };
		48FD8BF56FCBBCD73F2E953A /* Pods_ProjectRequestPizzaFive.framework in Frameworks */ = {isa = PBXBuildFile; fileRef = AB496CCE52E19CFAEFAE89FE /* Pods_ProjectRequestPizzaFive.framework */; };
/* End PBXBuildFile section */

/* Begin PBXFileReference section */
		3A78F85F29C932FC00C02C43 /* ProjectRequestPizzaFive.app */ = {isa = PBXFileReference; explicitFileType = wrapper.application; includeInIndex = 0; path = ProjectRequestPizzaFive.app; sourceTree = BUILT_PRODUCTS_DIR; };
		3A78F86229C932FC00C02C43 /* AppDelegate.swift */ = {isa = PBXFileReference; lastKnownFileType = sourcecode.swift; path = AppDelegate.swift; sourceTree = "<group>"; };
		3A78F86429C932FC00C02C43 /* SceneDelegate.swift */ = {isa = PBXFileReference; lastKnownFileType = sourcecode.swift; path = SceneDelegate.swift; sourceTree = "<group>"; };
		3A78F86629C932FC00C02C43 /* ViewController.swift */ = {isa = PBXFileReference; lastKnownFileType = sourcecode.swift; path = ViewController.swift; sourceTree = "<group>"; };
		3A78F86929C932FC00C02C43 /* Base */ = {isa = PBXFileReference; lastKnownFileType = file.storyboard; name = Base; path = Base.lproj/Main.storyboard; sourceTree = "<group>"; };
		3A78F86B29C932FE00C02C43 /* Assets.xcassets */ = {isa = PBXFileReference; lastKnownFileType = folder.assetcatalog; path = Assets.xcassets; sourceTree = "<group>"; };
		3A78F86E29C932FE00C02C43 /* Base */ = {isa = PBXFileReference; lastKnownFileType = file.storyboard; name = Base; path = Base.lproj/LaunchScreen.storyboard; sourceTree = "<group>"; };
		3A78F87029C932FE00C02C43 /* Info.plist */ = {isa = PBXFileReference; lastKnownFileType = text.plist.xml; path = Info.plist; sourceTree = "<group>"; };
		3A78F87629C9371800C02C43 /* TableViewPizzaViewController.swift */ = {isa = PBXFileReference; lastKnownFileType = sourcecode.swift; path = TableViewPizzaViewController.swift; sourceTree = "<group>"; };
		AB496CCE52E19CFAEFAE89FE /* Pods_ProjectRequestPizzaFive.framework */ = {isa = PBXFileReference; explicitFileType = wrapper.framework; includeInIndex = 0; path = Pods_ProjectRequestPizzaFive.framework; sourceTree = BUILT_PRODUCTS_DIR; };
		E10F27343C400FA9CC3389CC /* Pods-ProjectRequestPizzaFive.release.xcconfig */ = {isa = PBXFileReference; includeInIndex = 1; lastKnownFileType = text.xcconfig; name = "Pods-ProjectRequestPizzaFive.release.xcconfig"; path = "Target Support Files/Pods-ProjectRequestPizzaFive/Pods-ProjectRequestPizzaFive.release.xcconfig"; sourceTree = "<group>"; };
		E818F8D1BE953866546F45E3 /* Pods-ProjectRequestPizzaFive.debug.xcconfig */ = {isa = PBXFileReference; includeInIndex = 1; lastKnownFileType = text.xcconfig; name = "Pods-ProjectRequestPizzaFive.debug.xcconfig"; path = "Target Support Files/Pods-ProjectRequestPizzaFive/Pods-ProjectRequestPizzaFive.debug.xcconfig"; sourceTree = "<group>"; };
/* End PBXFileReference section */

/* Begin PBXFrameworksBuildPhase section */
		3A78F85C29C932FC00C02C43 /* Frameworks */ = {
			isa = PBXFrameworksBuildPhase;
			buildActionMask = 2147483647;
			files = (
				48FD8BF56FCBBCD73F2E953A /* Pods_ProjectRequestPizzaFive.framework in Frameworks */,
			);
			runOnlyForDeploymentPostprocessing = 0;
		};
/* End PBXFrameworksBuildPhase section */

/* Begin PBXGroup section */
		3A78F85629C932FC00C02C43 = {
			isa = PBXGroup;
			children = (
				3A78F86129C932FC00C02C43 /* ProjectRequestPizzaFive */,
				3A78F86029C932FC00C02C43 /* Products */,
				6BD64F78D922B13FADD989AC /* Pods */,
				7B73EAB8A2FDC6BE889FB5CE /* Frameworks */,
			);
			sourceTree = "<group>";
		};
		3A78F86029C932FC00C02C43 /* Products */ = {
			isa = PBXGroup;
			children = (
				3A78F85F29C932FC00C02C43 /* ProjectRequestPizzaFive.app */,
			);
			name = Products;
			sourceTree = "<group>";
		};
		3A78F86129C932FC00C02C43 /* ProjectRequestPizzaFive */ = {
			isa = PBXGroup;
			children = (
				3A78F86229C932FC00C02C43 /* AppDelegate.swift */,
				3A78F86429C932FC00C02C43 /* SceneDelegate.swift */,
				3A78F86829C932FC00C02C43 /* Main.storyboard */,
				3A78F86629C932FC00C02C43 /* ViewController.swift */,
				3A78F87629C9371800C02C43 /* TableViewPizzaViewController.swift */,
				3A78F86B29C932FE00C02C43 /* Assets.xcassets */,
				3A78F86D29C932FE00C02C43 /* LaunchScreen.storyboard */,
				3A78F87029C932FE00C02C43 /* Info.plist */,
			);
			path = ProjectRequestPizzaFive;
			sourceTree = "<group>";
		};
		6BD64F78D922B13FADD989AC /* Pods */ = {
			isa = PBXGroup;
			children = (
				E818F8D1BE953866546F45E3 /* Pods-ProjectRequestPizzaFive.debug.xcconfig */,
				E10F27343C400FA9CC3389CC /* Pods-ProjectRequestPizzaFive.release.xcconfig */,
			);
			path = Pods;
			sourceTree = "<group>";
		};
		7B73EAB8A2FDC6BE889FB5CE /* Frameworks */ = {
			isa = PBXGroup;
			children = (
				AB496CCE52E19CFAEFAE89FE /* Pods_ProjectRequestPizzaFive.framework */,
			);
			name = Frameworks;
			sourceTree = "<group>";
		};
/* End PBXGroup section */

/* Begin PBXNativeTarget section */
		3A78F85E29C932FC00C02C43 /* ProjectRequestPizzaFive */ = {
			isa = PBXNativeTarget;
			buildConfigurationList = 3A78F87329C932FE00C02C43 /* Build configuration list for PBXNativeTarget "ProjectRequestPizzaFive" */;
			buildPhases = (
				9953CD3A7274605DE5A881E6 /* [CP] Check Pods Manifest.lock */,
				3A78F85B29C932FC00C02C43 /* Sources */,
				3A78F85C29C932FC00C02C43 /* Frameworks */,
				3A78F85D29C932FC00C02C43 /* Resources */,
				CA1D53807C81E0DB0A8626C7 /* [CP] Embed Pods Frameworks */,
			);
			buildRules = (
			);
			dependencies = (
			);
			name = ProjectRequestPizzaFive;
			productName = ProjectRequestPizzaFive;
			productReference = 3A78F85F29C932FC00C02C43 /* ProjectRequestPizzaFive.app */;
			productType = "com.apple.product-type.application";
		};
/* End PBXNativeTarget section */

/* Begin PBXProject section */
		3A78F85729C932FC00C02C43 /* Project object */ = {
			isa = PBXProject;
			attributes = {
				BuildIndependentTargetsInParallel = 1;
				LastSwiftUpdateCheck = 1410;
				LastUpgradeCheck = 1410;
				TargetAttributes = {
					3A78F85E29C932FC00C02C43 = {
						CreatedOnToolsVersion = 14.1;
					};
				};
			};
			buildConfigurationList = 3A78F85A29C932FC00C02C43 /* Build configuration list for PBXProject "ProjectRequestPizzaFive" */;
			compatibilityVersion = "Xcode 14.0";
			developmentRegion = en;
			hasScannedForEncodings = 0;
			knownRegions = (
				en,
				Base,
			);
			mainGroup = 3A78F85629C932FC00C02C43;
			productRefGroup = 3A78F86029C932FC00C02C43 /* Products */;
			projectDirPath = "";
			projectRoot = "";
			targets = (
				3A78F85E29C932FC00C02C43 /* ProjectRequestPizzaFive */,
			);
		};
/* End PBXProject section */

/* Begin PBXResourcesBuildPhase section */
		3A78F85D29C932FC00C02C43 /* Resources */ = {
			isa = PBXResourcesBuildPhase;
			buildActionMask = 2147483647;
			files = (
				3A78F86F29C932FE00C02C43 /* LaunchScreen.storyboard in Resources */,
				3A78F86C29C932FE00C02C43 /* Assets.xcassets in Resources */,
				3A78F86A29C932FC00C02C43 /* Main.storyboard in Resources */,
			);
			runOnlyForDeploymentPostprocessing = 0;
		};
/* End PBXResourcesBuildPhase section */

/* Begin PBXShellScriptBuildPhase section */
		9953CD3A7274605DE5A881E6 /* [CP] Check Pods Manifest.lock */ = {
			isa = PBXShellScriptBuildPhase;
			buildActionMask = 2147483647;
			files = (
			);
			inputFileListPaths = (
			);
			inputPaths = (
				"${PODS_PODFILE_DIR_PATH}/Podfile.lock",
				"${PODS_ROOT}/Manifest.lock",
			);
			name = "[CP] Check Pods Manifest.lock";
			outputFileListPaths = (
			);
			outputPaths = (
				"$(DERIVED_FILE_DIR)/Pods-ProjectRequestPizzaFive-checkManifestLockResult.txt",
			);
			runOnlyForDeploymentPostprocessing = 0;
			shellPath = /bin/sh;
			shellScript = "diff \"${PODS_PODFILE_DIR_PATH}/Podfile.lock\" \"${PODS_ROOT}/Manifest.lock\" > /dev/null\nif [ $? != 0 ] ; then\n    # print error to STDERR\n    echo \"error: The sandbox is not in sync with the Podfile.lock. Run 'pod install' or update your CocoaPods installation.\" >&2\n    exit 1\nfi\n# This output is used by Xcode 'outputs' to avoid re-running this script phase.\necho \"SUCCESS\" > \"${SCRIPT_OUTPUT_FILE_0}\"\n";
			showEnvVarsInLog = 0;
		};
		CA1D53807C81E0DB0A8626C7 /* [CP] Embed Pods Frameworks */ = {
			isa = PBXShellScriptBuildPhase;
			buildActionMask = 2147483647;
			files = (
			);
			inputFileListPaths = (
				"${PODS_ROOT}/Target Support Files/Pods-ProjectRequestPizzaFive/Pods-ProjectRequestPizzaFive-frameworks-${CONFIGURATION}-input-files.xcfilelist",
			);
			name = "[CP] Embed Pods Frameworks";
			outputFileListPaths = (
				"${PODS_ROOT}/Target Support Files/Pods-ProjectRequestPizzaFive/Pods-ProjectRequestPizzaFive-frameworks-${CONFIGURATION}-output-files.xcfilelist",
			);
			runOnlyForDeploymentPostprocessing = 0;
			shellPath = /bin/sh;
			shellScript = "\"${PODS_ROOT}/Target Support Files/Pods-ProjectRequestPizzaFive/Pods-ProjectRequestPizzaFive-frameworks.sh\"\n";
			showEnvVarsInLog = 0;
		};
/* End PBXShellScriptBuildPhase section */

/* Begin PBXSourcesBuildPhase section */
		3A78F85B29C932FC00C02C43 /* Sources */ = {
			isa = PBXSourcesBuildPhase;
			buildActionMask = 2147483647;
			files = (
				3A78F86729C932FC00C02C43 /* ViewController.swift in Sources */,
				3A78F87729C9371800C02C43 /* TableViewPizzaViewController.swift in Sources */,
				3A78F86329C932FC00C02C43 /* AppDelegate.swift in Sources */,
				3A78F86529C932FC00C02C43 /* SceneDelegate.swift in Sources */,
			);
			runOnlyForDeploymentPostprocessing = 0;
		};
/* End PBXSourcesBuildPhase section */

/* Begin PBXVariantGroup section */
		3A78F86829C932FC00C02C43 /* Main.storyboard */ = {
			isa = PBXVariantGroup;
			children = (
				3A78F86929C932FC00C02C43 /* Base */,
			);
			name = Main.storyboard;
			sourceTree = "<group>";
		};
		3A78F86D29C932FE00C02C43 /* LaunchScreen.storyboard */ = {
			isa = PBXVariantGroup;
			children = (
				3A78F86E29C932FE00C02C43 /* Base */,
			);
			name = LaunchScreen.storyboard;
			sourceTree = "<group>";
		};
/* End PBXVariantGroup section */

/* Begin XCBuildConfiguration section */
		3A78F87129C932FE00C02C43 /* Debug */ = {
			isa = XCBuildConfiguration;
			buildSettings = {
				ALWAYS_SEARCH_USER_PATHS = NO;
				CLANG_ANALYZER_NONNULL = YES;
				CLANG_ANALYZER_NUMBER_OBJECT_CONVERSION = YES_AGGRESSIVE;
				CLANG_CXX_LANGUAGE_STANDARD = "gnu++20";
				CLANG_ENABLE_MODULES = YES;
				CLANG_ENABLE_OBJC_ARC = YES;
				CLANG_ENABLE_OBJC_WEAK = YES;
				CLANG_WARN_BLOCK_CAPTURE_AUTORELEASING = YES;
				CLANG_WARN_BOOL_CONVERSION = YES;
				CLANG_WARN_COMMA = YES;
				CLANG_WARN_CONSTANT_CONVERSION = YES;
				CLANG_WARN_DEPRECATED_OBJC_IMPLEMENTATIONS = YES;
				CLANG_WARN_DIRECT_OBJC_ISA_USAGE = YES_ERROR;
				CLANG_WARN_DOCUMENTATION_COMMENTS = YES;
				CLANG_WARN_EMPTY_BODY = YES;
				CLANG_WARN_ENUM_CONVERSION = YES;
				CLANG_WARN_INFINITE_RECURSION = YES;
				CLANG_WARN_INT_CONVERSION = YES;
				CLANG_WARN_NON_LITERAL_NULL_CONVERSION = YES;
				CLANG_WARN_OBJC_IMPLICIT_RETAIN_SELF = YES;
				CLANG_WARN_OBJC_LITERAL_CONVERSION = YES;
				CLANG_WARN_OBJC_ROOT_CLASS = YES_ERROR;
				CLANG_WARN_QUOTED_INCLUDE_IN_FRAMEWORK_HEADER = YES;
				CLANG_WARN_RANGE_LOOP_ANALYSIS = YES;
				CLANG_WARN_STRICT_PROTOTYPES = YES;
				CLANG_WARN_SUSPICIOUS_MOVE = YES;
				CLANG_WARN_UNGUARDED_AVAILABILITY = YES_AGGRESSIVE;
				CLANG_WARN_UNREACHABLE_CODE = YES;
				CLANG_WARN__DUPLICATE_METHOD_MATCH = YES;
				COPY_PHASE_STRIP = NO;
				DEBUG_INFORMATION_FORMAT = dwarf;
				ENABLE_STRICT_OBJC_MSGSEND = YES;
				ENABLE_TESTABILITY = YES;
				GCC_C_LANGUAGE_STANDARD = gnu11;
				GCC_DYNAMIC_NO_PIC = NO;
				GCC_NO_COMMON_BLOCKS = YES;
				GCC_OPTIMIZATION_LEVEL = 0;
				GCC_PREPROCESSOR_DEFINITIONS = (
					"DEBUG=1",
					"$(inherited)",
				);
				GCC_WARN_64_TO_32_BIT_CONVERSION = YES;
				GCC_WARN_ABOUT_RETURN_TYPE = YES_ERROR;
				GCC_WARN_UNDECLARED_SELECTOR = YES;
				GCC_WARN_UNINITIALIZED_AUTOS = YES_AGGRESSIVE;
				GCC_WARN_UNUSED_FUNCTION = YES;
				GCC_WARN_UNUSED_VARIABLE = YES;
				IPHONEOS_DEPLOYMENT_TARGET = 16.1;
				MTL_ENABLE_DEBUG_INFO = INCLUDE_SOURCE;
				MTL_FAST_MATH = YES;
				ONLY_ACTIVE_ARCH = YES;
				SDKROOT = iphoneos;
				SWIFT_ACTIVE_COMPILATION_CONDITIONS = DEBUG;
				SWIFT_OPTIMIZATION_LEVEL = "-Onone";
			};
			name = Debug;
		};
		3A78F87229C932FE00C02C43 /* Release */ = {
			isa = XCBuildConfiguration;
			buildSettings = {
				ALWAYS_SEARCH_USER_PATHS = NO;
				CLANG_ANALYZER_NONNULL = YES;
				CLANG_ANALYZER_NUMBER_OBJECT_CONVERSION = YES_AGGRESSIVE;
				CLANG_CXX_LANGUAGE_STANDARD = "gnu++20";
				CLANG_ENABLE_MODULES = YES;
				CLANG_ENABLE_OBJC_ARC = YES;
				CLANG_ENABLE_OBJC_WEAK = YES;
				CLANG_WARN_BLOCK_CAPTURE_AUTORELEASING = YES;
				CLANG_WARN_BOOL_CONVERSION = YES;
				CLANG_WARN_COMMA = YES;
				CLANG_WARN_CONSTANT_CONVERSION = YES;
				CLANG_WARN_DEPRECATED_OBJC_IMPLEMENTATIONS = YES;
				CLANG_WARN_DIRECT_OBJC_ISA_USAGE = YES_ERROR;
				CLANG_WARN_DOCUMENTATION_COMMENTS = YES;
				CLANG_WARN_EMPTY_BODY = YES;
				CLANG_WARN_ENUM_CONVERSION = YES;
				CLANG_WARN_INFINITE_RECURSION = YES;
				CLANG_WARN_INT_CONVERSION = YES;
				CLANG_WARN_NON_LITERAL_NULL_CONVERSION = YES;
				CLANG_WARN_OBJC_IMPLICIT_RETAIN_SELF = YES;
				CLANG_WARN_OBJC_LITERAL_CONVERSION = YES;
				CLANG_WARN_OBJC_ROOT_CLASS = YES_ERROR;
				CLANG_WARN_QUOTED_INCLUDE_IN_FRAMEWORK_HEADER = YES;
				CLANG_WARN_RANGE_LOOP_ANALYSIS = YES;
				CLANG_WARN_STRICT_PROTOTYPES = YES;
				CLANG_WARN_SUSPICIOUS_MOVE = YES;
				CLANG_WARN_UNGUARDED_AVAILABILITY = YES_AGGRESSIVE;
				CLANG_WARN_UNREACHABLE_CODE = YES;
				CLANG_WARN__DUPLICATE_METHOD_MATCH = YES;
				COPY_PHASE_STRIP = NO;
				DEBUG_INFORMATION_FORMAT = "dwarf-with-dsym";
				ENABLE_NS_ASSERTIONS = NO;
				ENABLE_STRICT_OBJC_MSGSEND = YES;
				GCC_C_LANGUAGE_STANDARD = gnu11;
				GCC_NO_COMMON_BLOCKS = YES;
				GCC_WARN_64_TO_32_BIT_CONVERSION = YES;
				GCC_WARN_ABOUT_RETURN_TYPE = YES_ERROR;
				GCC_WARN_UNDECLARED_SELECTOR = YES;
				GCC_WARN_UNINITIALIZED_AUTOS = YES_AGGRESSIVE;
				GCC_WARN_UNUSED_FUNCTION = YES;
				GCC_WARN_UNUSED_VARIABLE = YES;
				IPHONEOS_DEPLOYMENT_TARGET = 16.1;
				MTL_ENABLE_DEBUG_INFO = NO;
				MTL_FAST_MATH = YES;
				SDKROOT = iphoneos;
				SWIFT_COMPILATION_MODE = wholemodule;
				SWIFT_OPTIMIZATION_LEVEL = "-O";
				VALIDATE_PRODUCT = YES;
			};
			name = Release;
		};
		3A78F87429C932FE00C02C43 /* Debug */ = {
			isa = XCBuildConfiguration;
			baseConfigurationReference = E818F8D1BE953866546F45E3 /* Pods-ProjectRequestPizzaFive.debug.xcconfig */;
			buildSettings = {
				ASSETCATALOG_COMPILER_APPICON_NAME = AppIcon;
				ASSETCATALOG_COMPILER_GLOBAL_ACCENT_COLOR_NAME = AccentColor;
				CODE_SIGN_STYLE = Automatic;
				CURRENT_PROJECT_VERSION = 1;
				GENERATE_INFOPLIST_FILE = YES;
				INFOPLIST_FILE = ProjectRequestPizzaFive/Info.plist;
				INFOPLIST_KEY_UIApplicationSupportsIndirectInputEvents = YES;
				INFOPLIST_KEY_UILaunchStoryboardName = LaunchScreen;
				INFOPLIST_KEY_UIMainStoryboardFile = Main;
				INFOPLIST_KEY_UISupportedInterfaceOrientations_iPad = "UIInterfaceOrientationPortrait UIInterfaceOrientationPortraitUpsideDown UIInterfaceOrientationLandscapeLeft UIInterfaceOrientationLandscapeRight";
				INFOPLIST_KEY_UISupportedInterfaceOrientations_iPhone = "UIInterfaceOrientationPortrait UIInterfaceOrientationLandscapeLeft UIInterfaceOrientationLandscapeRight";
				LD_RUNPATH_SEARCH_PATHS = (
					"$(inherited)",
					"@executable_path/Frameworks",
				);
				MARKETING_VERSION = 1.0;
				PRODUCT_BUNDLE_IDENTIFIER = com.miriansantana.ProjectRequestPizzaFive;
				PRODUCT_NAME = "$(TARGET_NAME)";
				SWIFT_EMIT_LOC_STRINGS = YES;
				SWIFT_VERSION = 5.0;
				TARGETED_DEVICE_FAMILY = "1,2";
			};
			name = Debug;
		};
		3A78F87529C932FE00C02C43 /* Release */ = {
			isa = XCBuildConfiguration;
			baseConfigurationReference = E10F27343C400FA9CC3389CC /* Pods-ProjectRequestPizzaFive.release.xcconfig */;
			buildSettings = {
				ASSETCATALOG_COMPILER_APPICON_NAME = AppIcon;
				ASSETCATALOG_COMPILER_GLOBAL_ACCENT_COLOR_NAME = AccentColor;
				CODE_SIGN_STYLE = Automatic;
				CURRENT_PROJECT_VERSION = 1;
				GENERATE_INFOPLIST_FILE = YES;
				INFOPLIST_FILE = ProjectRequestPizzaFive/Info.plist;
				INFOPLIST_KEY_UIApplicationSupportsIndirectInputEvents = YES;
				INFOPLIST_KEY_UILaunchStoryboardName = LaunchScreen;
				INFOPLIST_KEY_UIMainStoryboardFile = Main;
				INFOPLIST_KEY_UISupportedInterfaceOrientations_iPad = "UIInterfaceOrientationPortrait UIInterfaceOrientationPortraitUpsideDown UIInterfaceOrientationLandscapeLeft UIInterfaceOrientationLandscapeRight";
				INFOPLIST_KEY_UISupportedInterfaceOrientations_iPhone = "UIInterfaceOrientationPortrait UIInterfaceOrientationLandscapeLeft UIInterfaceOrientationLandscapeRight";
				LD_RUNPATH_SEARCH_PATHS = (
					"$(inherited)",
					"@executable_path/Frameworks",
				);
				MARKETING_VERSION = 1.0;
				PRODUCT_BUNDLE_IDENTIFIER = com.miriansantana.ProjectRequestPizzaFive;
				PRODUCT_NAME = "$(TARGET_NAME)";
				SWIFT_EMIT_LOC_STRINGS = YES;
				SWIFT_VERSION = 5.0;
				TARGETED_DEVICE_FAMILY = "1,2";
			};
			name = Release;
		};
/* End XCBuildConfiguration section */

/* Begin XCConfigurationList section */
		3A78F85A29C932FC00C02C43 /* Build configuration list for PBXProject "ProjectRequestPizzaFive" */ = {
			isa = XCConfigurationList;
			buildConfigurations = (
				3A78F87129C932FE00C02C43 /* Debug */,
				3A78F87229C932FE00C02C43 /* Release */,
			);
			defaultConfigurationIsVisible = 0;
			defaultConfigurationName = Release;
		};
		3A78F87329C932FE00C02C43 /* Build configuration list for PBXNativeTarget "ProjectRequestPizzaFive" */ = {
			isa = XCConfigurationList;
			buildConfigurations = (
				3A78F87429C932FE00C02C43 /* Debug */,
				3A78F87529C932FE00C02C43 /* Release */,
			);
			defaultConfigurationIsVisible = 0;
			defaultConfigurationName = Release;
		};
/* End XCConfigurationList section */
	};
	rootObject = 3A78F85729C932FC00C02C43 /* Project object */;
}
